// !$*UTF8*$!
{
	archiveVersion = 1;
	classes = {
	};
	objectVersion = 56;
	objects = {

/* Begin PBXBuildFile section */
		A10000000000000000000001 /* OpenDistressWatchApp.swift in Sources */ = {isa = PBXBuildFile; fileRef = A20000000000000000000001 /* OpenDistressWatchApp.swift */; };
		A10000000000000000000002 /* Protocol.swift in Sources */ = {isa = PBXBuildFile; fileRef = A20000000000000000000002 /* Protocol.swift */; };
		A10000000000000000000003 /* EventStore.swift in Sources */ = {isa = PBXBuildFile; fileRef = A20000000000000000000003 /* EventStore.swift */; };
		A10000000000000000000004 /* Transport.swift in Sources */ = {isa = PBXBuildFile; fileRef = A20000000000000000000004 /* Transport.swift */; };
		A10000000000000000000005 /* OpenDistressController.swift in Sources */ = {isa = PBXBuildFile; fileRef = A20000000000000000000005 /* OpenDistressController.swift */; };
		A10000000000000000000006 /* ProtocolTests.swift in Sources */ = {isa = PBXBuildFile; fileRef = A20000000000000000000006 /* ProtocolTests.swift */; };
		A10000000000000000000007 /* live-trigger-v2.json in Resources */ = {isa = PBXBuildFile; fileRef = A2000000000000000000000A /* live-trigger-v2.json */; };
		A10000000000000000000008 /* location-updated-v2.json in Resources */ = {isa = PBXBuildFile; fileRef = A2000000000000000000000B /* location-updated-v2.json */; };
		A10000000000000000000009 /* status-query-v2.json in Resources */ = {isa = PBXBuildFile; fileRef = A2000000000000000000000D /* status-query-v2.json */; };
		A1000000000000000000000A /* status-v2.txt in Resources */ = {isa = PBXBuildFile; fileRef = A2000000000000000000000E /* status-v2.txt */; };
/* End PBXBuildFile section */

/* Begin PBXContainerItemProxy section */
		A30000000000000000000001 /* PBXContainerItemProxy */ = {
			isa = PBXContainerItemProxy;
			containerPortal = A40000000000000000000001 /* Project object */;
			proxyType = 1;
			remoteGlobalIDString = A50000000000000000000001;
			remoteInfo = OpenDistressWatch;
		};
/* End PBXContainerItemProxy section */

/* Begin PBXFileReference section */
		A20000000000000000000001 /* OpenDistressWatchApp.swift */ = {isa = PBXFileReference; lastKnownFileType = sourcecode.swift; path = OpenDistressWatchApp.swift; sourceTree = "<group>"; };
		A20000000000000000000002 /* Protocol.swift */ = {isa = PBXFileReference; lastKnownFileType = sourcecode.swift; path = Protocol.swift; sourceTree = "<group>"; };
		A20000000000000000000003 /* EventStore.swift */ = {isa = PBXFileReference; lastKnownFileType = sourcecode.swift; path = EventStore.swift; sourceTree = "<group>"; };
		A20000000000000000000004 /* Transport.swift */ = {isa = PBXFileReference; lastKnownFileType = sourcecode.swift; path = Transport.swift; sourceTree = "<group>"; };
		A20000000000000000000005 /* OpenDistressController.swift */ = {isa = PBXFileReference; lastKnownFileType = sourcecode.swift; path = OpenDistressController.swift; sourceTree = "<group>"; };
		A20000000000000000000006 /* ProtocolTests.swift */ = {isa = PBXFileReference; lastKnownFileType = sourcecode.swift; path = ProtocolTests.swift; sourceTree = "<group>"; };
		A20000000000000000000007 /* PublicDefaults.xcconfig */ = {isa = PBXFileReference; lastKnownFileType = text.xcconfig; path = PublicDefaults.xcconfig; sourceTree = "<group>"; };
		A20000000000000000000008 /* OpenDistressWatch.app */ = {isa = PBXFileReference; explicitFileType = wrapper.application; includeInIndex = 0; path = OpenDistressWatch.app; sourceTree = BUILT_PRODUCTS_DIR; };
		A20000000000000000000009 /* OpenDistressWatchTests.xctest */ = {isa = PBXFileReference; explicitFileType = wrapper.cfbundle; includeInIndex = 0; path = OpenDistressWatchTests.xctest; sourceTree = BUILT_PRODUCTS_DIR; };
		A2000000000000000000000A /* live-trigger-v2.json */ = {isa = PBXFileReference; lastKnownFileType = text.json; path = "live-trigger-v2.json"; sourceTree = "<group>"; };
		A2000000000000000000000B /* location-updated-v2.json */ = {isa = PBXFileReference; lastKnownFileType = text.json; path = "location-updated-v2.json"; sourceTree = "<group>"; };
		A2000000000000000000000C /* Info.plist */ = {isa = PBXFileReference; lastKnownFileType = text.plist.xml; path = Info.plist; sourceTree = "<group>"; };
		A2000000000000000000000D /* status-query-v2.json */ = {isa = PBXFileReference; lastKnownFileType = text.json; path = "status-query-v2.json"; sourceTree = "<group>"; };
		A2000000000000000000000E /* status-v2.txt */ = {isa = PBXFileReference; lastKnownFileType = text; path = "status-v2.txt"; sourceTree = "<group>"; };
/* End PBXFileReference section */

/* Begin PBXFrameworksBuildPhase section */
		A60000000000000000000001 /* Frameworks */ = {
			isa = PBXFrameworksBuildPhase;
			buildActionMask = 2147483647;
			files = (
			);
			runOnlyForDeploymentPostprocessing = 0;
		};
		A60000000000000000000002 /* Frameworks */ = {
			isa = PBXFrameworksBuildPhase;
			buildActionMask = 2147483647;
			files = (
			);
			runOnlyForDeploymentPostprocessing = 0;
		};
/* End PBXFrameworksBuildPhase section */

/* Begin PBXGroup section */
		A70000000000000000000001 = {
			isa = PBXGroup;
			children = (
				A70000000000000000000002 /* OpenDistressWatch */,
				A70000000000000000000003 /* OpenDistressWatchTests */,
				A70000000000000000000004 /* Config */,
				A70000000000000000000006 /* Protocol fixtures */,
				A70000000000000000000005 /* Products */,
			);
			sourceTree = "<group>";
		};
		A70000000000000000000002 /* OpenDistressWatch */ = {
			isa = PBXGroup;
			children = (
				A2000000000000000000000C /* Info.plist */,
				A20000000000000000000001 /* OpenDistressWatchApp.swift */,
				A20000000000000000000005 /* OpenDistressController.swift */,
				A20000000000000000000002 /* Protocol.swift */,
				A20000000000000000000003 /* EventStore.swift */,
				A20000000000000000000004 /* Transport.swift */,
			);
			path = OpenDistressWatch;
			sourceTree = "<group>";
		};
		A70000000000000000000003 /* OpenDistressWatchTests */ = {
			isa = PBXGroup;
			children = (
				A20000000000000000000006 /* ProtocolTests.swift */,
			);
			path = OpenDistressWatchTests;
			sourceTree = "<group>";
		};
		A70000000000000000000004 /* Config */ = {
			isa = PBXGroup;
			children = (
				A20000000000000000000007 /* PublicDefaults.xcconfig */,
			);
			path = Config;
			sourceTree = "<group>";
		};
		A70000000000000000000005 /* Products */ = {
			isa = PBXGroup;
			children = (
				A20000000000000000000008 /* OpenDistressWatch.app */,
				A20000000000000000000009 /* OpenDistressWatchTests.xctest */,
			);
			name = Products;
			sourceTree = "<group>";
		};
		A70000000000000000000006 /* Protocol fixtures */ = {
			isa = PBXGroup;
			children = (
				A2000000000000000000000A /* live-trigger-v2.json */,
				A2000000000000000000000B /* location-updated-v2.json */,
				A2000000000000000000000D /* status-query-v2.json */,
				A2000000000000000000000E /* status-v2.txt */,
			);
			name = "Protocol fixtures";
			path = ../../protocol/fixtures;
			sourceTree = "<group>";
		};
/* End PBXGroup section */

/* Begin PBXNativeTarget section */
		A50000000000000000000001 /* OpenDistressWatch */ = {
			isa = PBXNativeTarget;
			buildConfigurationList = A80000000000000000000001 /* Build configuration list for PBXNativeTarget "OpenDistressWatch" */;
			buildPhases = (
				A90000000000000000000001 /* Sources */,
				A60000000000000000000001 /* Frameworks */,
				AA0000000000000000000001 /* Resources */,
			);
			buildRules = (
			);
			dependencies = (
			);
			name = OpenDistressWatch;
			productName = OpenDistressWatch;
			productReference = A20000000000000000000008 /* OpenDistressWatch.app */;
			productType = "com.apple.product-type.application";
		};
		A50000000000000000000002 /* OpenDistressWatchTests */ = {
			isa = PBXNativeTarget;
			buildConfigurationList = A80000000000000000000002 /* Build configuration list for PBXNativeTarget "OpenDistressWatchTests" */;
			buildPhases = (
				A90000000000000000000002 /* Sources */,
				A60000000000000000000002 /* Frameworks */,
				AA0000000000000000000002 /* Resources */,
			);
			buildRules = (
			);
			dependencies = (
				AB0000000000000000000001 /* PBXTargetDependency */,
			);
			name = OpenDistressWatchTests;
			productName = OpenDistressWatchTests;
			productReference = A20000000000000000000009 /* OpenDistressWatchTests.xctest */;
			productType = "com.apple.product-type.bundle.unit-test";
		};
/* End PBXNativeTarget section */

/* Begin PBXProject section */
		A40000000000000000000001 /* Project object */ = {
			isa = PBXProject;
			attributes = {
				BuildIndependentTargetsInParallel = 1;
				LastSwiftUpdateCheck = 1600;
				LastUpgradeCheck = 1600;
				TargetAttributes = {
					A50000000000000000000001 = {
						CreatedOnToolsVersion = 16.0;
					};
					A50000000000000000000002 = {
						CreatedOnToolsVersion = 16.0;
						TestTargetID = A50000000000000000000001;
					};
				};
			};
			buildConfigurationList = A80000000000000000000003 /* Build configuration list for PBXProject "OpenDistressWatch" */;
			compatibilityVersion = "Xcode 14.0";
			developmentRegion = en;
			hasScannedForEncodings = 0;
			knownRegions = (
				en,
				Base,
			);
			mainGroup = A70000000000000000000001;
			productRefGroup = A70000000000000000000005 /* Products */;
			projectDirPath = "";
			projectRoot = "";
			targets = (
				A50000000000000000000001 /* OpenDistressWatch */,
				A50000000000000000000002 /* OpenDistressWatchTests */,
			);
		};
/* End PBXProject section */

/* Begin PBXResourcesBuildPhase section */
		AA0000000000000000000001 /* Resources */ = {
			isa = PBXResourcesBuildPhase;
			buildActionMask = 2147483647;
			files = (
			);
			runOnlyForDeploymentPostprocessing = 0;
		};
		AA0000000000000000000002 /* Resources */ = {
			isa = PBXResourcesBuildPhase;
			buildActionMask = 2147483647;
			files = (
				A10000000000000000000007 /* live-trigger-v2.json in Resources */,
				A10000000000000000000008 /* location-updated-v2.json in Resources */,
				A10000000000000000000009 /* status-query-v2.json in Resources */,
				A1000000000000000000000A /* status-v2.txt in Resources */,
			);
			runOnlyForDeploymentPostprocessing = 0;
		};
/* End PBXResourcesBuildPhase section */

/* Begin PBXSourcesBuildPhase section */
		A90000000000000000000001 /* Sources */ = {
			isa = PBXSourcesBuildPhase;
			buildActionMask = 2147483647;
			files = (
				A10000000000000000000001 /* OpenDistressWatchApp.swift in Sources */,
				A10000000000000000000002 /* Protocol.swift in Sources */,
				A10000000000000000000003 /* EventStore.swift in Sources */,
				A10000000000000000000004 /* Transport.swift in Sources */,
				A10000000000000000000005 /* OpenDistressController.swift in Sources */,
			);
			runOnlyForDeploymentPostprocessing = 0;
		};
		A90000000000000000000002 /* Sources */ = {
			isa = PBXSourcesBuildPhase;
			buildActionMask = 2147483647;
			files = (
				A10000000000000000000006 /* ProtocolTests.swift in Sources */,
			);
			runOnlyForDeploymentPostprocessing = 0;
		};
/* End PBXSourcesBuildPhase section */

/* Begin PBXTargetDependency section */
		AB0000000000000000000001 /* PBXTargetDependency */ = {
			isa = PBXTargetDependency;
			target = A50000000000000000000001 /* OpenDistressWatch */;
			targetProxy = A30000000000000000000001 /* PBXContainerItemProxy */;
		};
/* End PBXTargetDependency section */

/* Begin XCBuildConfiguration section */
		AC0000000000000000000001 /* Debug */ = {
			isa = XCBuildConfiguration;
			buildSettings = {
				ALWAYS_SEARCH_USER_PATHS = NO;
				CLANG_ENABLE_MODULES = YES;
				COPY_PHASE_STRIP = NO;
				DEBUG_INFORMATION_FORMAT = dwarf;
				ENABLE_STRICT_OBJC_MSGSEND = YES;
				ENABLE_TESTABILITY = YES;
				GCC_C_LANGUAGE_STANDARD = gnu17;
				GCC_OPTIMIZATION_LEVEL = 0;
				ONLY_ACTIVE_ARCH = YES;
				SWIFT_ACTIVE_COMPILATION_CONDITIONS = DEBUG;
				SWIFT_OPTIMIZATION_LEVEL = "-Onone";
			};
			name = Debug;
		};
		AC0000000000000000000002 /* Release */ = {
			isa = XCBuildConfiguration;
			buildSettings = {
				ALWAYS_SEARCH_USER_PATHS = NO;
				CLANG_ENABLE_MODULES = YES;
				COPY_PHASE_STRIP = YES;
				DEBUG_INFORMATION_FORMAT = "dwarf-with-dsym";
				ENABLE_NS_ASSERTIONS = NO;
				GCC_C_LANGUAGE_STANDARD = gnu17;
				SWIFT_COMPILATION_MODE = wholemodule;
			};
			name = Release;
		};
		AC0000000000000000000003 /* Debug */ = {
			isa = XCBuildConfiguration;
			baseConfigurationReference = A20000000000000000000007 /* PublicDefaults.xcconfig */;
			buildSettings = {
				CODE_SIGN_STYLE = Automatic;
				CURRENT_PROJECT_VERSION = 1;
				GENERATE_INFOPLIST_FILE = YES;
				INFOPLIST_FILE = OpenDistressWatch/Info.plist;
				INFOPLIST_KEY_CFBundleDisplayName = OpenDistress;
				INFOPLIST_KEY_NSLocationWhenInUseUsageDescription = "Location is requested only after an alert is activated.";
				LD_RUNPATH_SEARCH_PATHS = "$(inherited) @executable_path/Frameworks";
				MARKETING_VERSION = 1.0;
				PRODUCT_BUNDLE_IDENTIFIER = dev.opendistress.watch;
				PRODUCT_NAME = "$(TARGET_NAME)";
				SDKROOT = watchos;
				SKIP_INSTALL = NO;
				SUPPORTED_PLATFORMS = "watchos watchsimulator";
				SWIFT_EMIT_LOC_STRINGS = YES;
				SWIFT_VERSION = 5.0;
				TARGETED_DEVICE_FAMILY = 4;
				WATCHOS_DEPLOYMENT_TARGET = 10.0;
			};
			name = Debug;
		};
		AC0000000000000000000004 /* Release */ = {
			isa = XCBuildConfiguration;
			baseConfigurationReference = A20000000000000000000007 /* PublicDefaults.xcconfig */;
			buildSettings = {
				CODE_SIGN_STYLE = Automatic;
				CURRENT_PROJECT_VERSION = 1;
				GENERATE_INFOPLIST_FILE = YES;
				INFOPLIST_FILE = OpenDistressWatch/Info.plist;
				INFOPLIST_KEY_CFBundleDisplayName = OpenDistress;
				INFOPLIST_KEY_NSLocationWhenInUseUsageDescription = "Location is requested only after an alert is activated.";
				LD_RUNPATH_SEARCH_PATHS = "$(inherited) @executable_path/Frameworks";
				MARKETING_VERSION = 1.0;
				PRODUCT_BUNDLE_IDENTIFIER = dev.opendistress.watch;
				PRODUCT_NAME = "$(TARGET_NAME)";
				SDKROOT = watchos;
				SKIP_INSTALL = NO;
				SUPPORTED_PLATFORMS = "watchos watchsimulator";
				SWIFT_EMIT_LOC_STRINGS = YES;
				SWIFT_VERSION = 5.0;
				TARGETED_DEVICE_FAMILY = 4;
				WATCHOS_DEPLOYMENT_TARGET = 10.0;
			};
			name = Release;
		};
		AC0000000000000000000005 /* Debug */ = {
			isa = XCBuildConfiguration;
			buildSettings = {
				BUNDLE_LOADER = "$(TEST_HOST)";
				CODE_SIGN_STYLE = Automatic;
				GENERATE_INFOPLIST_FILE = YES;
				LD_RUNPATH_SEARCH_PATHS = "$(inherited) @executable_path/Frameworks @loader_path/Frameworks";
				PRODUCT_BUNDLE_IDENTIFIER = dev.opendistress.watch.tests;
				PRODUCT_NAME = "$(TARGET_NAME)";
				SDKROOT = watchos;
				SUPPORTED_PLATFORMS = "watchos watchsimulator";
				SWIFT_VERSION = 5.0;
				TARGETED_DEVICE_FAMILY = 4;
				TEST_HOST = "$(BUILT_PRODUCTS_DIR)/OpenDistressWatch.app/OpenDistressWatch";
				WATCHOS_DEPLOYMENT_TARGET = 10.0;
			};
			name = Debug;
		};
		AC0000000000000000000006 /* Release */ = {
			isa = XCBuildConfiguration;
			buildSettings = {
				BUNDLE_LOADER = "$(TEST_HOST)";
				CODE_SIGN_STYLE = Automatic;
				GENERATE_INFOPLIST_FILE = YES;
				LD_RUNPATH_SEARCH_PATHS = "$(inherited) @executable_path/Frameworks @loader_path/Frameworks";
				PRODUCT_BUNDLE_IDENTIFIER = dev.opendistress.watch.tests;
				PRODUCT_NAME = "$(TARGET_NAME)";
				SDKROOT = watchos;
				SUPPORTED_PLATFORMS = "watchos watchsimulator";
				SWIFT_VERSION = 5.0;
				TARGETED_DEVICE_FAMILY = 4;
				TEST_HOST = "$(BUILT_PRODUCTS_DIR)/OpenDistressWatch.app/OpenDistressWatch";
				WATCHOS_DEPLOYMENT_TARGET = 10.0;
			};
			name = Release;
		};
/* End XCBuildConfiguration section */

/* Begin XCConfigurationList section */
		A80000000000000000000001 /* Build configuration list for PBXNativeTarget "OpenDistressWatch" */ = {
			isa = XCConfigurationList;
			buildConfigurations = (
				AC0000000000000000000003 /* Debug */,
				AC0000000000000000000004 /* Release */,
			);
			defaultConfigurationIsVisible = 0;
			defaultConfigurationName = Release;
		};
		A80000000000000000000002 /* Build configuration list for PBXNativeTarget "OpenDistressWatchTests" */ = {
			isa = XCConfigurationList;
			buildConfigurations = (
				AC0000000000000000000005 /* Debug */,
				AC0000000000000000000006 /* Release */,
			);
			defaultConfigurationIsVisible = 0;
			defaultConfigurationName = Release;
		};
		A80000000000000000000003 /* Build configuration list for PBXProject "OpenDistressWatch" */ = {
			isa = XCConfigurationList;
			buildConfigurations = (
				AC0000000000000000000001 /* Debug */,
				AC0000000000000000000002 /* Release */,
			);
			defaultConfigurationIsVisible = 0;
			defaultConfigurationName = Release;
		};
/* End XCConfigurationList section */
	};
	rootObject = A40000000000000000000001 /* Project object */;
}
